
Microsoft Visual Studio Solution File, Format Version 12.00
# Visual Studio Version 17
VisualStudioVersion = 17.5.33516.290
MinimumVisualStudioVersion = 10.0.40219.1
Project("{FAE04EC0-301F-11D3-BF4B-00C04F79EFBC}") = "8.3_MainProgram", "8.3_MainProgram\8.3_MainProgram.csproj", "{47A1D81F-1E7E-4FBC-8BEE-12A5903EE8C1}"
EndProject
Global
	GlobalSection(SolutionConfigurationPlatforms) = preSolution
		Debug|Any CPU = Debug|Any CPU
		Release|Any CPU = Release|Any CPU
	EndGlobalSection
	GlobalSection(ProjectConfigurationPlatforms) = postSolution
		{47A1D81F-1E7E-4FBC-8BEE-12A5903EE8C1}.Debug|Any CPU.ActiveCfg = Debug|Any CPU
		{47A1D81F-1E7E-4FBC-8BEE-12A5903EE8C1}.Debug|Any CPU.Build.0 = Debug|Any CPU
		{47A1D81F-1E7E-4FBC-8BEE-12A5903EE8C1}.Release|Any CPU.ActiveCfg = Release|Any CPU
		{47A1D81F-1E7E-4FBC-8BEE-12A5903EE8C1}.Release|Any CPU.Build.0 = Release|Any CPU
	EndGlobalSection
	GlobalSection(SolutionProperties) = preSolution
		HideSolutionNode = FALSE
	EndGlobalSection
	GlobalSection(ExtensibilityGlobals) = postSolution
		SolutionGuid = {863B1A21-ABD9-4C93-9E17-C65C78B39784}
	EndGlobalSection
EndGlobal
